
Microsoft Visual Studio Solution File, Format Version 12.00
# Visual Studio 2012
Project("{FAE04EC0-301F-11D3-BF4B-00C04F79EFBC}") = "SportsStore.Domain", "SportsStore.Domain\SportsStore.Domain.csproj", "{5E84CE50-6111-42AF-A59B-905A7D7D726F}"
EndProject
Project("{FAE04EC0-301F-11D3-BF4B-00C04F79EFBC}") = "SportsStore.WebUI", "SportsStore.WebUI\SportsStore.WebUI.csproj", "{ADE2F7EA-C8E7-4190-8373-4EC6871F98D5}"
EndProject
Project("{FAE04EC0-301F-11D3-BF4B-00C04F79EFBC}") = "SportsStore.UnitTests", "SportsStore.UnitTests\SportsStore.UnitTests.csproj", "{570A6DCA-F35D-4226-9221-0868B30770F9}"
EndProject
Global
	GlobalSection(SolutionConfigurationPlatforms) = preSolution
		Debug|Any CPU = Debug|Any CPU
		Release|Any CPU = Release|Any CPU
	EndGlobalSection
	GlobalSection(ProjectConfigurationPlatforms) = postSolution
		{5E84CE50-6111-42AF-A59B-905A7D7D726F}.Debug|Any CPU.ActiveCfg = Debug|Any CPU
		{5E84CE50-6111-42AF-A59B-905A7D7D726F}.Debug|Any CPU.Build.0 = Debug|Any CPU
		{5E84CE50-6111-42AF-A59B-905A7D7D726F}.Release|Any CPU.ActiveCfg = Release|Any CPU
		{5E84CE50-6111-42AF-A59B-905A7D7D726F}.Release|Any CPU.Build.0 = Release|Any CPU
		{ADE2F7EA-C8E7-4190-8373-4EC6871F98D5}.Debug|Any CPU.ActiveCfg = Debug|Any CPU
		{ADE2F7EA-C8E7-4190-8373-4EC6871F98D5}.Debug|Any CPU.Build.0 = Debug|Any CPU
		{ADE2F7EA-C8E7-4190-8373-4EC6871F98D5}.Release|Any CPU.ActiveCfg = Release|Any CPU
		{ADE2F7EA-C8E7-4190-8373-4EC6871F98D5}.Release|Any CPU.Build.0 = Release|Any CPU
		{570A6DCA-F35D-4226-9221-0868B30770F9}.Debug|Any CPU.ActiveCfg = Debug|Any CPU
		{570A6DCA-F35D-4226-9221-0868B30770F9}.Debug|Any CPU.Build.0 = Debug|Any CPU
		{570A6DCA-F35D-4226-9221-0868B30770F9}.Release|Any CPU.ActiveCfg = Release|Any CPU
		{570A6DCA-F35D-4226-9221-0868B30770F9}.Release|Any CPU.Build.0 = Release|Any CPU
	EndGlobalSection
	GlobalSection(SolutionProperties) = preSolution
		HideSolutionNode = FALSE
	EndGlobalSection
EndGlobal
